
Microsoft Visual Studio Solution File, Format Version 11.00
# Visual Studio 2010
Project("{FAE04EC0-301F-11D3-BF4B-00C04F79EFBC}") = "ObserverPattern", "ObserverPattern\ObserverPattern.csproj", "{DB987A2B-D488-4ABA-9EBA-FBD537ECC7A9}"
EndProject
Project("{2150E333-8FDC-42A3-9474-1A3956D46DE8}") = "Singleton", "Singleton", "{7A9AB4EE-D7DE-4120-A046-C24DCC681A5A}"
EndProject
Project("{FAE04EC0-301F-11D3-BF4B-00C04F79EFBC}") = "SingletonPattern", "SingletonPattern\SingletonPattern.csproj", "{92324324-42F0-47A3-A35C-4D840F6860B6}"
EndProject
Project("{FAE04EC0-301F-11D3-BF4B-00C04F79EFBC}") = "ConsoleApplication1", "ConsoleApplication1\ConsoleApplication1.csproj", "{A04453C0-C6E6-4F57-B10A-E37801E40B4F}"
EndProject
Project("{2150E333-8FDC-42A3-9474-1A3956D46DE8}") = "AbstractFactory", "AbstractFactory", "{1F39870D-F6C8-48AC-8FF0-74F06CA34C0D}"
EndProject
Project("{FAE04EC0-301F-11D3-BF4B-00C04F79EFBC}") = "AbstractFP", "AbstractFP\AbstractFP.csproj", "{88188D9B-DFFD-4EDE-9023-C4F76833AC91}"
EndProject
Project("{2150E333-8FDC-42A3-9474-1A3956D46DE8}") = "Decorator", "Decorator", "{AC1AA1A8-A3E0-494E-99EC-93F34ADC1A31}"
EndProject
Project("{FAE04EC0-301F-11D3-BF4B-00C04F79EFBC}") = "DEPattern", "DEPattern\DEPattern.csproj", "{4E55D586-0802-418D-8738-4E67F4DFE1F1}"
EndProject
Project("{2150E333-8FDC-42A3-9474-1A3956D46DE8}") = "Prototype", "Prototype", "{D2B5020F-6F02-46AF-B596-155F0FCC5A21}"
EndProject
Project("{FAE04EC0-301F-11D3-BF4B-00C04F79EFBC}") = "PrototypePattern", "PrototypePattern\PrototypePattern.csproj", "{080ECA57-DF60-4D1F-8599-B7F0DE6BB958}"
EndProject
Project("{2150E333-8FDC-42A3-9474-1A3956D46DE8}") = "Template", "Template", "{5EE412E4-FE82-4554-AAD4-DCFDED486B05}"
EndProject
Project("{FAE04EC0-301F-11D3-BF4B-00C04F79EFBC}") = "TemplateMethod", "TemplateMethod\TemplateMethod.csproj", "{FF567751-B50A-4EE2-9045-970EFA5A6F46}"
EndProject
Project("{2150E333-8FDC-42A3-9474-1A3956D46DE8}") = "Facade", "Facade", "{E30A7240-A91D-424C-97BD-FE130E1741A4}"
EndProject
Project("{FAE04EC0-301F-11D3-BF4B-00C04F79EFBC}") = "FacadePattern", "FacadePattern\FacadePattern.csproj", "{D4A45EBF-9A44-4896-9EF4-13A4817D20A7}"
EndProject
Project("{2150E333-8FDC-42A3-9474-1A3956D46DE8}") = "State", "State", "{5CCDF7CF-7307-405F-9E06-CADFBA86B84D}"
EndProject
Project("{FAE04EC0-301F-11D3-BF4B-00C04F79EFBC}") = "StatePattern", "StatePattern\StatePattern.csproj", "{35FB5B42-BDBD-4386-8CB7-4D25AE13359D}"
EndProject
Project("{2150E333-8FDC-42A3-9474-1A3956D46DE8}") = "Adapter", "Adapter", "{5055AAF3-982F-4920-B1EE-860D7F739DAC}"
EndProject
Project("{FAE04EC0-301F-11D3-BF4B-00C04F79EFBC}") = "AdpaterPattern", "AdpaterPattern\AdpaterPattern.csproj", "{8265EBE2-BA61-4724-B28D-9C68D6C50537}"
EndProject
Project("{2150E333-8FDC-42A3-9474-1A3956D46DE8}") = "Memento", "Memento", "{4C8D75B8-D0B9-473D-B283-268CB5C6CF62}"
EndProject
Project("{FAE04EC0-301F-11D3-BF4B-00C04F79EFBC}") = "MementoPattern", "MementoPattern\MementoPattern.csproj", "{A21BB95C-D01C-4F90-B734-2A1E5DBA2367}"
EndProject
Project("{2150E333-8FDC-42A3-9474-1A3956D46DE8}") = "Composite", "Composite", "{FA55A0A6-F809-4E3B-8B1B-147B626D53BD}"
EndProject
Project("{FAE04EC0-301F-11D3-BF4B-00C04F79EFBC}") = "Composite", "Composite\Composite.csproj", "{8BB2F56C-5C17-4A3D-A273-2656EEDDB231}"
EndProject
Project("{2150E333-8FDC-42A3-9474-1A3956D46DE8}") = "Iterator", "Iterator", "{2E7C6F88-C6B6-4041-BD1E-868F5DE12673}"
EndProject
Project("{FAE04EC0-301F-11D3-BF4B-00C04F79EFBC}") = "ItertorPattern", "ItertorPattern\ItertorPattern.csproj", "{68A12066-8471-4A4B-805C-A4BF9E10AFD6}"
EndProject
Project("{2150E333-8FDC-42A3-9474-1A3956D46DE8}") = "Bridge", "Bridge", "{B62184F4-2A09-40B7-8C8E-FA5391091DF2}"
EndProject
Project("{FAE04EC0-301F-11D3-BF4B-00C04F79EFBC}") = "BridgePattern", "BridgePattern\BridgePattern.csproj", "{DA074F3F-6A96-4CA0-9AEF-B475D18BF21D}"
EndProject
Project("{2150E333-8FDC-42A3-9474-1A3956D46DE8}") = "Command", "Command", "{DB9973E9-12E8-494F-B91E-F74B488746C2}"
EndProject
Project("{FAE04EC0-301F-11D3-BF4B-00C04F79EFBC}") = "CommandPattern", "CommandPattern\CommandPattern.csproj", "{2EEF8730-62C6-4B09-A297-00DDBE99841E}"
EndProject
Project("{2150E333-8FDC-42A3-9474-1A3956D46DE8}") = "Reflection", "Reflection", "{E6A39D66-8CB4-4768-87BB-A9A03D82CD32}"
EndProject
Project("{FAE04EC0-301F-11D3-BF4B-00C04F79EFBC}") = "ConsoleApplication2", "ConsoleApplication2\ConsoleApplication2.csproj", "{4BB4F71E-EC72-43CF-8B56-79BA2B916D0A}"
EndProject
Global
	GlobalSection(SolutionConfigurationPlatforms) = preSolution
		Debug|x86 = Debug|x86
		Release|x86 = Release|x86
	EndGlobalSection
	GlobalSection(ProjectConfigurationPlatforms) = postSolution
		{DB987A2B-D488-4ABA-9EBA-FBD537ECC7A9}.Debug|x86.ActiveCfg = Debug|x86
		{DB987A2B-D488-4ABA-9EBA-FBD537ECC7A9}.Debug|x86.Build.0 = Debug|x86
		{DB987A2B-D488-4ABA-9EBA-FBD537ECC7A9}.Release|x86.ActiveCfg = Release|x86
		{DB987A2B-D488-4ABA-9EBA-FBD537ECC7A9}.Release|x86.Build.0 = Release|x86
		{92324324-42F0-47A3-A35C-4D840F6860B6}.Debug|x86.ActiveCfg = Debug|x86
		{92324324-42F0-47A3-A35C-4D840F6860B6}.Debug|x86.Build.0 = Debug|x86
		{92324324-42F0-47A3-A35C-4D840F6860B6}.Release|x86.ActiveCfg = Release|x86
		{92324324-42F0-47A3-A35C-4D840F6860B6}.Release|x86.Build.0 = Release|x86
		{A04453C0-C6E6-4F57-B10A-E37801E40B4F}.Debug|x86.ActiveCfg = Debug|x86
		{A04453C0-C6E6-4F57-B10A-E37801E40B4F}.Debug|x86.Build.0 = Debug|x86
		{A04453C0-C6E6-4F57-B10A-E37801E40B4F}.Release|x86.ActiveCfg = Release|x86
		{A04453C0-C6E6-4F57-B10A-E37801E40B4F}.Release|x86.Build.0 = Release|x86
		{88188D9B-DFFD-4EDE-9023-C4F76833AC91}.Debug|x86.ActiveCfg = Debug|x86
		{88188D9B-DFFD-4EDE-9023-C4F76833AC91}.Debug|x86.Build.0 = Debug|x86
		{88188D9B-DFFD-4EDE-9023-C4F76833AC91}.Release|x86.ActiveCfg = Release|x86
		{88188D9B-DFFD-4EDE-9023-C4F76833AC91}.Release|x86.Build.0 = Release|x86
		{4E55D586-0802-418D-8738-4E67F4DFE1F1}.Debug|x86.ActiveCfg = Debug|x86
		{4E55D586-0802-418D-8738-4E67F4DFE1F1}.Debug|x86.Build.0 = Debug|x86
		{4E55D586-0802-418D-8738-4E67F4DFE1F1}.Release|x86.ActiveCfg = Release|x86
		{4E55D586-0802-418D-8738-4E67F4DFE1F1}.Release|x86.Build.0 = Release|x86
		{080ECA57-DF60-4D1F-8599-B7F0DE6BB958}.Debug|x86.ActiveCfg = Debug|x86
		{080ECA57-DF60-4D1F-8599-B7F0DE6BB958}.Debug|x86.Build.0 = Debug|x86
		{080ECA57-DF60-4D1F-8599-B7F0DE6BB958}.Release|x86.ActiveCfg = Release|x86
		{080ECA57-DF60-4D1F-8599-B7F0DE6BB958}.Release|x86.Build.0 = Release|x86
		{FF567751-B50A-4EE2-9045-970EFA5A6F46}.Debug|x86.ActiveCfg = Debug|x86
		{FF567751-B50A-4EE2-9045-970EFA5A6F46}.Debug|x86.Build.0 = Debug|x86
		{FF567751-B50A-4EE2-9045-970EFA5A6F46}.Release|x86.ActiveCfg = Release|x86
		{FF567751-B50A-4EE2-9045-970EFA5A6F46}.Release|x86.Build.0 = Release|x86
		{D4A45EBF-9A44-4896-9EF4-13A4817D20A7}.Debug|x86.ActiveCfg = Debug|x86
		{D4A45EBF-9A44-4896-9EF4-13A4817D20A7}.Debug|x86.Build.0 = Debug|x86
		{D4A45EBF-9A44-4896-9EF4-13A4817D20A7}.Release|x86.ActiveCfg = Release|x86
		{D4A45EBF-9A44-4896-9EF4-13A4817D20A7}.Release|x86.Build.0 = Release|x86
		{35FB5B42-BDBD-4386-8CB7-4D25AE13359D}.Debug|x86.ActiveCfg = Debug|x86
		{35FB5B42-BDBD-4386-8CB7-4D25AE13359D}.Debug|x86.Build.0 = Debug|x86
		{35FB5B42-BDBD-4386-8CB7-4D25AE13359D}.Release|x86.ActiveCfg = Release|x86
		{35FB5B42-BDBD-4386-8CB7-4D25AE13359D}.Release|x86.Build.0 = Release|x86
		{8265EBE2-BA61-4724-B28D-9C68D6C50537}.Debug|x86.ActiveCfg = Debug|x86
		{8265EBE2-BA61-4724-B28D-9C68D6C50537}.Debug|x86.Build.0 = Debug|x86
		{8265EBE2-BA61-4724-B28D-9C68D6C50537}.Release|x86.ActiveCfg = Release|x86
		{8265EBE2-BA61-4724-B28D-9C68D6C50537}.Release|x86.Build.0 = Release|x86
		{A21BB95C-D01C-4F90-B734-2A1E5DBA2367}.Debug|x86.ActiveCfg = Debug|x86
		{A21BB95C-D01C-4F90-B734-2A1E5DBA2367}.Debug|x86.Build.0 = Debug|x86
		{A21BB95C-D01C-4F90-B734-2A1E5DBA2367}.Release|x86.ActiveCfg = Release|x86
		{A21BB95C-D01C-4F90-B734-2A1E5DBA2367}.Release|x86.Build.0 = Release|x86
		{8BB2F56C-5C17-4A3D-A273-2656EEDDB231}.Debug|x86.ActiveCfg = Debug|x86
		{8BB2F56C-5C17-4A3D-A273-2656EEDDB231}.Debug|x86.Build.0 = Debug|x86
		{8BB2F56C-5C17-4A3D-A273-2656EEDDB231}.Release|x86.ActiveCfg = Release|x86
		{8BB2F56C-5C17-4A3D-A273-2656EEDDB231}.Release|x86.Build.0 = Release|x86
		{68A12066-8471-4A4B-805C-A4BF9E10AFD6}.Debug|x86.ActiveCfg = Debug|x86
		{68A12066-8471-4A4B-805C-A4BF9E10AFD6}.Debug|x86.Build.0 = Debug|x86
		{68A12066-8471-4A4B-805C-A4BF9E10AFD6}.Release|x86.ActiveCfg = Release|x86
		{68A12066-8471-4A4B-805C-A4BF9E10AFD6}.Release|x86.Build.0 = Release|x86
		{DA074F3F-6A96-4CA0-9AEF-B475D18BF21D}.Debug|x86.ActiveCfg = Debug|x86
		{DA074F3F-6A96-4CA0-9AEF-B475D18BF21D}.Debug|x86.Build.0 = Debug|x86
		{DA074F3F-6A96-4CA0-9AEF-B475D18BF21D}.Release|x86.ActiveCfg = Release|x86
		{DA074F3F-6A96-4CA0-9AEF-B475D18BF21D}.Release|x86.Build.0 = Release|x86
		{2EEF8730-62C6-4B09-A297-00DDBE99841E}.Debug|x86.ActiveCfg = Debug|x86
		{2EEF8730-62C6-4B09-A297-00DDBE99841E}.Debug|x86.Build.0 = Debug|x86
		{2EEF8730-62C6-4B09-A297-00DDBE99841E}.Release|x86.ActiveCfg = Release|x86
		{2EEF8730-62C6-4B09-A297-00DDBE99841E}.Release|x86.Build.0 = Release|x86
		{4BB4F71E-EC72-43CF-8B56-79BA2B916D0A}.Debug|x86.ActiveCfg = Debug|x86
		{4BB4F71E-EC72-43CF-8B56-79BA2B916D0A}.Debug|x86.Build.0 = Debug|x86
		{4BB4F71E-EC72-43CF-8B56-79BA2B916D0A}.Release|x86.ActiveCfg = Release|x86
		{4BB4F71E-EC72-43CF-8B56-79BA2B916D0A}.Release|x86.Build.0 = Release|x86
	EndGlobalSection
	GlobalSection(SolutionProperties) = preSolution
		HideSolutionNode = FALSE
	EndGlobalSection
	GlobalSection(NestedProjects) = preSolution
		{92324324-42F0-47A3-A35C-4D840F6860B6} = {7A9AB4EE-D7DE-4120-A046-C24DCC681A5A}
		{A04453C0-C6E6-4F57-B10A-E37801E40B4F} = {7A9AB4EE-D7DE-4120-A046-C24DCC681A5A}
		{88188D9B-DFFD-4EDE-9023-C4F76833AC91} = {1F39870D-F6C8-48AC-8FF0-74F06CA34C0D}
		{4E55D586-0802-418D-8738-4E67F4DFE1F1} = {AC1AA1A8-A3E0-494E-99EC-93F34ADC1A31}
		{080ECA57-DF60-4D1F-8599-B7F0DE6BB958} = {D2B5020F-6F02-46AF-B596-155F0FCC5A21}
		{FF567751-B50A-4EE2-9045-970EFA5A6F46} = {5EE412E4-FE82-4554-AAD4-DCFDED486B05}
		{D4A45EBF-9A44-4896-9EF4-13A4817D20A7} = {E30A7240-A91D-424C-97BD-FE130E1741A4}
		{35FB5B42-BDBD-4386-8CB7-4D25AE13359D} = {5CCDF7CF-7307-405F-9E06-CADFBA86B84D}
		{8265EBE2-BA61-4724-B28D-9C68D6C50537} = {5055AAF3-982F-4920-B1EE-860D7F739DAC}
		{A21BB95C-D01C-4F90-B734-2A1E5DBA2367} = {4C8D75B8-D0B9-473D-B283-268CB5C6CF62}
		{8BB2F56C-5C17-4A3D-A273-2656EEDDB231} = {FA55A0A6-F809-4E3B-8B1B-147B626D53BD}
		{68A12066-8471-4A4B-805C-A4BF9E10AFD6} = {2E7C6F88-C6B6-4041-BD1E-868F5DE12673}
		{DA074F3F-6A96-4CA0-9AEF-B475D18BF21D} = {B62184F4-2A09-40B7-8C8E-FA5391091DF2}
		{2EEF8730-62C6-4B09-A297-00DDBE99841E} = {DB9973E9-12E8-494F-B91E-F74B488746C2}
		{4BB4F71E-EC72-43CF-8B56-79BA2B916D0A} = {E6A39D66-8CB4-4768-87BB-A9A03D82CD32}
	EndGlobalSection
EndGlobal
